
Microsoft Visual Studio Solution File, Format Version 12.00
# Visual Studio Version 16
VisualStudioVersion = 16.0.31205.134
MinimumVisualStudioVersion = 10.0.40219.1
Project("{FAE04EC0-301F-11D3-BF4B-00C04F79EFBC}") = "Vending", "Vending\Vending.csproj", "{1DA8A63C-6AF1-4431-88B4-8D7C0B733371}"
EndProject
Project("{FAE04EC0-301F-11D3-BF4B-00C04F79EFBC}") = "Vending.Test", "Vending.Test\Vending.Test.csproj", "{8115AFB4-82E6-4D4B-BAE8-02BCBDDC586C}"
EndProject
Global
	GlobalSection(SolutionConfigurationPlatforms) = preSolution
		Debug|Any CPU = Debug|Any CPU
		Release|Any CPU = Release|Any CPU
	EndGlobalSection
	GlobalSection(ProjectConfigurationPlatforms) = postSolution
		{1DA8A63C-6AF1-4431-88B4-8D7C0B733371}.Debug|Any CPU.ActiveCfg = Debug|Any CPU
		{1DA8A63C-6AF1-4431-88B4-8D7C0B733371}.Debug|Any CPU.Build.0 = Debug|Any CPU
		{1DA8A63C-6AF1-4431-88B4-8D7C0B733371}.Release|Any CPU.ActiveCfg = Release|Any CPU
		{1DA8A63C-6AF1-4431-88B4-8D7C0B733371}.Release|Any CPU.Build.0 = Release|Any CPU
		{8115AFB4-82E6-4D4B-BAE8-02BCBDDC586C}.Debug|Any CPU.ActiveCfg = Debug|Any CPU
		{8115AFB4-82E6-4D4B-BAE8-02BCBDDC586C}.Debug|Any CPU.Build.0 = Debug|Any CPU
		{8115AFB4-82E6-4D4B-BAE8-02BCBDDC586C}.Release|Any CPU.ActiveCfg = Release|Any CPU
		{8115AFB4-82E6-4D4B-BAE8-02BCBDDC586C}.Release|Any CPU.Build.0 = Release|Any CPU
	EndGlobalSection
	GlobalSection(SolutionProperties) = preSolution
		HideSolutionNode = FALSE
	EndGlobalSection
	GlobalSection(ExtensibilityGlobals) = postSolution
		SolutionGuid = {0593149F-65F2-426B-9F97-5C65A336EA90}
	EndGlobalSection
EndGlobal
